
Microsoft Visual Studio Solution File, Format Version 12.00
# Visual Studio Version 17
VisualStudioVersion = 17.3.32825.248
MinimumVisualStudioVersion = 10.0.40219.1
Project("{FAE04EC0-301F-11D3-BF4B-00C04F79EFBC}") = "Web_Topolja", "Web_Topolja\Web_Topolja.csproj", "{712249A6-F79D-49A8-8222-41A6EE99E10F}"
EndProject
Global
	GlobalSection(SolutionConfigurationPlatforms) = preSolution
		Debug|Any CPU = Debug|Any CPU
		Release|Any CPU = Release|Any CPU
	EndGlobalSection
	GlobalSection(ProjectConfigurationPlatforms) = postSolution
		{712249A6-F79D-49A8-8222-41A6EE99E10F}.Debug|Any CPU.ActiveCfg = Debug|Any CPU
		{712249A6-F79D-49A8-8222-41A6EE99E10F}.Debug|Any CPU.Build.0 = Debug|Any CPU
		{712249A6-F79D-49A8-8222-41A6EE99E10F}.Release|Any CPU.ActiveCfg = Release|Any CPU
		{712249A6-F79D-49A8-8222-41A6EE99E10F}.Release|Any CPU.Build.0 = Release|Any CPU
	EndGlobalSection
	GlobalSection(SolutionProperties) = preSolution
		HideSolutionNode = FALSE
	EndGlobalSection
	GlobalSection(ExtensibilityGlobals) = postSolution
		SolutionGuid = {ACB02D33-38D8-4ACD-A0C4-1D57F632456E}
	EndGlobalSection
EndGlobal
